
Microsoft Visual Studio Solution File, Format Version 12.00
# Visual Studio Version 16
VisualStudioVersion = 16.0.33927.289
MinimumVisualStudioVersion = 10.0.40219.1
Project("{2150E333-8FDC-42A3-9474-1A3956D46DE8}") = "Task0", "Task0", "{8939BA68-7CBB-4875-8438-C341627C6D20}"
EndProject
Project("{FAE04EC0-301F-11D3-BF4B-00C04F79EFBC}") = "Tyuiu.LyaginVA.Sprint2.Task0.V19", "Tyuiu.LyaginVA.Sprint2.Task0.V19\Tyuiu.LyaginVA.Sprint2.Task0.V19.csproj", "{3D30A55F-BDCF-4226-81F5-88118C3F298E}"
EndProject
Project("{FAE04EC0-301F-11D3-BF4B-00C04F79EFBC}") = "Tyuiu.LyaginVA.Sprint2.Task0.V19.Lib", "Tyuiu.LyaginVA.Sprint2.Task0.V19.Lib\Tyuiu.LyaginVA.Sprint2.Task0.V19.Lib.csproj", "{7D9EB749-3E7A-441B-982D-568E8C49D097}"
EndProject
Project("{FAE04EC0-301F-11D3-BF4B-00C04F79EFBC}") = "Tyuiu.LyaginVA.Sprint2.Task0.V19.Test", "Tyuiu.LyaginVA.Sprint2.Task0.V19.Test\Tyuiu.LyaginVA.Sprint2.Task0.V19.Test.csproj", "{C4DEC696-4BA6-467B-9682-98FD40EAD8C6}"
EndProject
Project("{2150E333-8FDC-42A3-9474-1A3956D46DE8}") = "Task1", "Task1", "{C475791E-2940-4BF1-9223-DE290565CF5D}"
EndProject
Project("{FAE04EC0-301F-11D3-BF4B-00C04F79EFBC}") = "Tyuiu.LyaginVA.Sprint2.Task1.V3", "Tyuiu.LyaginVA.Sprint2.Task1.V3\Tyuiu.LyaginVA.Sprint2.Task1.V3.csproj", "{CE2EA6BE-E1CC-4ABA-9721-90783E551476}"
EndProject
Project("{FAE04EC0-301F-11D3-BF4B-00C04F79EFBC}") = "Tyuiu.LyaginVA.Sprint2.Task1.V3.Lib", "Tyuiu.LyaginVA.Sprint2.Task1.V3.Lib\Tyuiu.LyaginVA.Sprint2.Task1.V3.Lib.csproj", "{3A5AFEB3-2182-4123-8138-47F9F550BEC0}"
EndProject
Project("{FAE04EC0-301F-11D3-BF4B-00C04F79EFBC}") = "Tyuiu.LyaginVA.Sprint2.Task1.V3.Test", "Tyuiu.LyaginVA.Sprint2.Task1.V3.Test\Tyuiu.LyaginVA.Sprint2.Task1.V3.Test.csproj", "{88CBAF3A-52E1-456E-AABF-E6F389782059}"
EndProject
Project("{2150E333-8FDC-42A3-9474-1A3956D46DE8}") = "Task2", "Task2", "{B820C656-A5E3-48E4-B2AB-010B1BFE9383}"
EndProject
Project("{FAE04EC0-301F-11D3-BF4B-00C04F79EFBC}") = "Tyuiu.LyaginVA.Sprint2.Task2.V11", "Tyuiu.LyaginVA.Sprint2.Task2.V11\Tyuiu.LyaginVA.Sprint2.Task2.V11.csproj", "{362E83B5-DDB3-42DF-9A22-4F354FECE38A}"
EndProject
Project("{FAE04EC0-301F-11D3-BF4B-00C04F79EFBC}") = "Tyuiu.LyaginVA.Sprint2.Task2.V11.Lib", "Tyuiu.LyaginVA.Sprint2.Task2.V11.Lib\Tyuiu.LyaginVA.Sprint2.Task2.V11.Lib.csproj", "{7556CFC9-7E86-43E1-97B5-9A43FDD32545}"
EndProject
Project("{FAE04EC0-301F-11D3-BF4B-00C04F79EFBC}") = "Tyuiu.LyaginVA.Sprint2.Task2.V11.Test", "Tyuiu.LyaginVA.Sprint2.Task2.V11.Test\Tyuiu.LyaginVA.Sprint2.Task2.V11.Test.csproj", "{40FC25BC-7FE0-458F-A29F-403EB4AF60BB}"
EndProject
Project("{2150E333-8FDC-42A3-9474-1A3956D46DE8}") = "Task3", "Task3", "{19476617-377F-406E-BB5D-A53F2A0DB955}"
EndProject
Project("{FAE04EC0-301F-11D3-BF4B-00C04F79EFBC}") = "Tyuiu.LyaginVA.Sprint2.Task3.V13", "Tyuiu.LyaginVA.Sprint2.Task3.V13\Tyuiu.LyaginVA.Sprint2.Task3.V13.csproj", "{E5F28C36-EEA8-4466-93D4-D295E0861814}"
EndProject
Project("{FAE04EC0-301F-11D3-BF4B-00C04F79EFBC}") = "Tyuiu.LyaginVA.Sprint2.Task3.V13.Lib", "Tyuiu.LyaginVA.Sprint2.Task3.V13.Lib\Tyuiu.LyaginVA.Sprint2.Task3.V13.Lib.csproj", "{E28D6E54-F7CE-43EF-BEC5-291A328CA34B}"
EndProject
Project("{FAE04EC0-301F-11D3-BF4B-00C04F79EFBC}") = "Tyuiu.LyaginVA.Sprint2.Task3.V13.Test", "Tyuiu.LyaginVA.Sprint2.Task3.V13.Test\Tyuiu.LyaginVA.Sprint2.Task3.V13.Test.csproj", "{33645AC2-2F7A-4E33-BF59-8E583D7AA393}"
EndProject
Project("{2150E333-8FDC-42A3-9474-1A3956D46DE8}") = "Task4", "Task4", "{7AA8D9B1-E29F-4C40-9BF4-6CBB846F12BB}"
EndProject
Project("{FAE04EC0-301F-11D3-BF4B-00C04F79EFBC}") = "Tyuiu.LyaginVA.Sprint2.Task4.V19", "Tyuiu.LyaginVA.Sprint2.Task4.V19\Tyuiu.LyaginVA.Sprint2.Task4.V19.csproj", "{1EB76493-AD3D-46D5-B36B-1195097EFD1B}"
EndProject
Project("{FAE04EC0-301F-11D3-BF4B-00C04F79EFBC}") = "Tyuiu.LyaginVA.Sprint2.Task4.V19.Lib", "Tyuiu.LyaginVA.Sprint2.Task4.V19.Lib\Tyuiu.LyaginVA.Sprint2.Task4.V19.Lib.csproj", "{45E1C289-E1D2-4220-8741-46A14D092524}"
EndProject
Project("{FAE04EC0-301F-11D3-BF4B-00C04F79EFBC}") = "Tyuiu.LyaginVA.Sprint2.Task4.V19.Test", "Tyuiu.LyaginVA.Sprint2.Task4.V19.Test\Tyuiu.LyaginVA.Sprint2.Task4.V19.Test.csproj", "{3BE7BC70-2853-49BE-B71B-04475EB8F379}"
EndProject
Project("{2150E333-8FDC-42A3-9474-1A3956D46DE8}") = "Task5", "Task5", "{806FDAC1-02EA-4936-AA3E-3FC2E382378A}"
EndProject
Project("{FAE04EC0-301F-11D3-BF4B-00C04F79EFBC}") = "Tyuiu.LyaginVA.Sprint2.Task5.V3", "Tyuiu.LyaginVA.Sprint2.Task5.V3\Tyuiu.LyaginVA.Sprint2.Task5.V3.csproj", "{0377F95A-6C73-4B55-A160-222A1AFA286C}"
EndProject
Project("{FAE04EC0-301F-11D3-BF4B-00C04F79EFBC}") = "Tyuiu.LyaginVA.Sprint2.Task5.V3.Lib", "Tyuiu.LyaginVA.Sprint2.Task5.V3.Lib\Tyuiu.LyaginVA.Sprint2.Task5.V3.Lib.csproj", "{9948BDDB-F368-41C7-8576-889E41B3CABB}"
EndProject
Project("{FAE04EC0-301F-11D3-BF4B-00C04F79EFBC}") = "Tyuiu.LyaginVA.Sprint2.Task5.V3.Test", "Tyuiu.LyaginVA.Sprint2.Task5.V3.Test\Tyuiu.LyaginVA.Sprint2.Task5.V3.Test.csproj", "{B1B9DEEB-4A35-43ED-8398-98895C7C23E9}"
EndProject
Project("{2150E333-8FDC-42A3-9474-1A3956D46DE8}") = "Task6", "Task6", "{27FAA1EC-C675-42F8-8700-F9A3D7F8B1AE}"
EndProject
Project("{FAE04EC0-301F-11D3-BF4B-00C04F79EFBC}") = "Tyuiu.LyaginVA.Sprint2.Task6.V2", "Tyuiu.LyaginVA.Sprint2.Task6.V2\Tyuiu.LyaginVA.Sprint2.Task6.V2.csproj", "{B01A6F3A-4778-45E0-A495-C1754956AEF9}"
EndProject
Project("{FAE04EC0-301F-11D3-BF4B-00C04F79EFBC}") = "Tyuiu.LyaginVA.Sprint2.Task6.V2.Lib", "Tyuiu.LyaginVA.Sprint2.Task6.V2.Lib\Tyuiu.LyaginVA.Sprint2.Task6.V2.Lib.csproj", "{A66E5E47-6259-4F67-A18A-933AA61FAF55}"
EndProject
Project("{FAE04EC0-301F-11D3-BF4B-00C04F79EFBC}") = "Tyuiu.LyaginVA.Sprint2.Task6.V2.Test", "Tyuiu.LyaginVA.Sprint2.Task6.V2.Test\Tyuiu.LyaginVA.Sprint2.Task6.V2.Test.csproj", "{CFA7306C-CA51-4ED9-8F52-1390A41B8A12}"
EndProject
Global
	GlobalSection(SolutionConfigurationPlatforms) = preSolution
		Debug|Any CPU = Debug|Any CPU
		Release|Any CPU = Release|Any CPU
	EndGlobalSection
	GlobalSection(ProjectConfigurationPlatforms) = postSolution
		{3D30A55F-BDCF-4226-81F5-88118C3F298E}.Debug|Any CPU.ActiveCfg = Debug|Any CPU
		{3D30A55F-BDCF-4226-81F5-88118C3F298E}.Debug|Any CPU.Build.0 = Debug|Any CPU
		{3D30A55F-BDCF-4226-81F5-88118C3F298E}.Release|Any CPU.ActiveCfg = Release|Any CPU
		{3D30A55F-BDCF-4226-81F5-88118C3F298E}.Release|Any CPU.Build.0 = Release|Any CPU
		{7D9EB749-3E7A-441B-982D-568E8C49D097}.Debug|Any CPU.ActiveCfg = Debug|Any CPU
		{7D9EB749-3E7A-441B-982D-568E8C49D097}.Debug|Any CPU.Build.0 = Debug|Any CPU
		{7D9EB749-3E7A-441B-982D-568E8C49D097}.Release|Any CPU.ActiveCfg = Release|Any CPU
		{7D9EB749-3E7A-441B-982D-568E8C49D097}.Release|Any CPU.Build.0 = Release|Any CPU
		{C4DEC696-4BA6-467B-9682-98FD40EAD8C6}.Debug|Any CPU.ActiveCfg = Debug|Any CPU
		{C4DEC696-4BA6-467B-9682-98FD40EAD8C6}.Debug|Any CPU.Build.0 = Debug|Any CPU
		{C4DEC696-4BA6-467B-9682-98FD40EAD8C6}.Release|Any CPU.ActiveCfg = Release|Any CPU
		{C4DEC696-4BA6-467B-9682-98FD40EAD8C6}.Release|Any CPU.Build.0 = Release|Any CPU
		{CE2EA6BE-E1CC-4ABA-9721-90783E551476}.Debug|Any CPU.ActiveCfg = Debug|Any CPU
		{CE2EA6BE-E1CC-4ABA-9721-90783E551476}.Debug|Any CPU.Build.0 = Debug|Any CPU
		{CE2EA6BE-E1CC-4ABA-9721-90783E551476}.Release|Any CPU.ActiveCfg = Release|Any CPU
		{CE2EA6BE-E1CC-4ABA-9721-90783E551476}.Release|Any CPU.Build.0 = Release|Any CPU
		{3A5AFEB3-2182-4123-8138-47F9F550BEC0}.Debug|Any CPU.ActiveCfg = Debug|Any CPU
		{3A5AFEB3-2182-4123-8138-47F9F550BEC0}.Debug|Any CPU.Build.0 = Debug|Any CPU
		{3A5AFEB3-2182-4123-8138-47F9F550BEC0}.Release|Any CPU.ActiveCfg = Release|Any CPU
		{3A5AFEB3-2182-4123-8138-47F9F550BEC0}.Release|Any CPU.Build.0 = Release|Any CPU
		{88CBAF3A-52E1-456E-AABF-E6F389782059}.Debug|Any CPU.ActiveCfg = Debug|Any CPU
		{88CBAF3A-52E1-456E-AABF-E6F389782059}.Debug|Any CPU.Build.0 = Debug|Any CPU
		{88CBAF3A-52E1-456E-AABF-E6F389782059}.Release|Any CPU.ActiveCfg = Release|Any CPU
		{88CBAF3A-52E1-456E-AABF-E6F389782059}.Release|Any CPU.Build.0 = Release|Any CPU
		{362E83B5-DDB3-42DF-9A22-4F354FECE38A}.Debug|Any CPU.ActiveCfg = Debug|Any CPU
		{362E83B5-DDB3-42DF-9A22-4F354FECE38A}.Debug|Any CPU.Build.0 = Debug|Any CPU
		{362E83B5-DDB3-42DF-9A22-4F354FECE38A}.Release|Any CPU.ActiveCfg = Release|Any CPU
		{362E83B5-DDB3-42DF-9A22-4F354FECE38A}.Release|Any CPU.Build.0 = Release|Any CPU
		{7556CFC9-7E86-43E1-97B5-9A43FDD32545}.Debug|Any CPU.ActiveCfg = Debug|Any CPU
		{7556CFC9-7E86-43E1-97B5-9A43FDD32545}.Debug|Any CPU.Build.0 = Debug|Any CPU
		{7556CFC9-7E86-43E1-97B5-9A43FDD32545}.Release|Any CPU.ActiveCfg = Release|Any CPU
		{7556CFC9-7E86-43E1-97B5-9A43FDD32545}.Release|Any CPU.Build.0 = Release|Any CPU
		{40FC25BC-7FE0-458F-A29F-403EB4AF60BB}.Debug|Any CPU.ActiveCfg = Debug|Any CPU
		{40FC25BC-7FE0-458F-A29F-403EB4AF60BB}.Debug|Any CPU.Build.0 = Debug|Any CPU
		{40FC25BC-7FE0-458F-A29F-403EB4AF60BB}.Release|Any CPU.ActiveCfg = Release|Any CPU
		{40FC25BC-7FE0-458F-A29F-403EB4AF60BB}.Release|Any CPU.Build.0 = Release|Any CPU
		{E5F28C36-EEA8-4466-93D4-D295E0861814}.Debug|Any CPU.ActiveCfg = Debug|Any CPU
		{E5F28C36-EEA8-4466-93D4-D295E0861814}.Debug|Any CPU.Build.0 = Debug|Any CPU
		{E5F28C36-EEA8-4466-93D4-D295E0861814}.Release|Any CPU.ActiveCfg = Release|Any CPU
		{E5F28C36-EEA8-4466-93D4-D295E0861814}.Release|Any CPU.Build.0 = Release|Any CPU
		{E28D6E54-F7CE-43EF-BEC5-291A328CA34B}.Debug|Any CPU.ActiveCfg = Debug|Any CPU
		{E28D6E54-F7CE-43EF-BEC5-291A328CA34B}.Debug|Any CPU.Build.0 = Debug|Any CPU
		{E28D6E54-F7CE-43EF-BEC5-291A328CA34B}.Release|Any CPU.ActiveCfg = Release|Any CPU
		{E28D6E54-F7CE-43EF-BEC5-291A328CA34B}.Release|Any CPU.Build.0 = Release|Any CPU
		{33645AC2-2F7A-4E33-BF59-8E583D7AA393}.Debug|Any CPU.ActiveCfg = Debug|Any CPU
		{33645AC2-2F7A-4E33-BF59-8E583D7AA393}.Debug|Any CPU.Build.0 = Debug|Any CPU
		{33645AC2-2F7A-4E33-BF59-8E583D7AA393}.Release|Any CPU.ActiveCfg = Release|Any CPU
		{33645AC2-2F7A-4E33-BF59-8E583D7AA393}.Release|Any CPU.Build.0 = Release|Any CPU
		{1EB76493-AD3D-46D5-B36B-1195097EFD1B}.Debug|Any CPU.ActiveCfg = Debug|Any CPU
		{1EB76493-AD3D-46D5-B36B-1195097EFD1B}.Debug|Any CPU.Build.0 = Debug|Any CPU
		{1EB76493-AD3D-46D5-B36B-1195097EFD1B}.Release|Any CPU.ActiveCfg = Release|Any CPU
		{1EB76493-AD3D-46D5-B36B-1195097EFD1B}.Release|Any CPU.Build.0 = Release|Any CPU
		{45E1C289-E1D2-4220-8741-46A14D092524}.Debug|Any CPU.ActiveCfg = Debug|Any CPU
		{45E1C289-E1D2-4220-8741-46A14D092524}.Debug|Any CPU.Build.0 = Debug|Any CPU
		{45E1C289-E1D2-4220-8741-46A14D092524}.Release|Any CPU.ActiveCfg = Release|Any CPU
		{45E1C289-E1D2-4220-8741-46A14D092524}.Release|Any CPU.Build.0 = Release|Any CPU
		{3BE7BC70-2853-49BE-B71B-04475EB8F379}.Debug|Any CPU.ActiveCfg = Debug|Any CPU
		{3BE7BC70-2853-49BE-B71B-04475EB8F379}.Debug|Any CPU.Build.0 = Debug|Any CPU
		{3BE7BC70-2853-49BE-B71B-04475EB8F379}.Release|Any CPU.ActiveCfg = Release|Any CPU
		{3BE7BC70-2853-49BE-B71B-04475EB8F379}.Release|Any CPU.Build.0 = Release|Any CPU
		{0377F95A-6C73-4B55-A160-222A1AFA286C}.Debug|Any CPU.ActiveCfg = Debug|Any CPU
		{0377F95A-6C73-4B55-A160-222A1AFA286C}.Debug|Any CPU.Build.0 = Debug|Any CPU
		{0377F95A-6C73-4B55-A160-222A1AFA286C}.Release|Any CPU.ActiveCfg = Release|Any CPU
		{0377F95A-6C73-4B55-A160-222A1AFA286C}.Release|Any CPU.Build.0 = Release|Any CPU
		{9948BDDB-F368-41C7-8576-889E41B3CABB}.Debug|Any CPU.ActiveCfg = Debug|Any CPU
		{9948BDDB-F368-41C7-8576-889E41B3CABB}.Debug|Any CPU.Build.0 = Debug|Any CPU
		{9948BDDB-F368-41C7-8576-889E41B3CABB}.Release|Any CPU.ActiveCfg = Release|Any CPU
		{9948BDDB-F368-41C7-8576-889E41B3CABB}.Release|Any CPU.Build.0 = Release|Any CPU
		{B1B9DEEB-4A35-43ED-8398-98895C7C23E9}.Debug|Any CPU.ActiveCfg = Debug|Any CPU
		{B1B9DEEB-4A35-43ED-8398-98895C7C23E9}.Debug|Any CPU.Build.0 = Debug|Any CPU
		{B1B9DEEB-4A35-43ED-8398-98895C7C23E9}.Release|Any CPU.ActiveCfg = Release|Any CPU
		{B1B9DEEB-4A35-43ED-8398-98895C7C23E9}.Release|Any CPU.Build.0 = Release|Any CPU
		{B01A6F3A-4778-45E0-A495-C1754956AEF9}.Debug|Any CPU.ActiveCfg = Debug|Any CPU
		{B01A6F3A-4778-45E0-A495-C1754956AEF9}.Debug|Any CPU.Build.0 = Debug|Any CPU
		{B01A6F3A-4778-45E0-A495-C1754956AEF9}.Release|Any CPU.ActiveCfg = Release|Any CPU
		{B01A6F3A-4778-45E0-A495-C1754956AEF9}.Release|Any CPU.Build.0 = Release|Any CPU
		{A66E5E47-6259-4F67-A18A-933AA61FAF55}.Debug|Any CPU.ActiveCfg = Debug|Any CPU
		{A66E5E47-6259-4F67-A18A-933AA61FAF55}.Debug|Any CPU.Build.0 = Debug|Any CPU
		{A66E5E47-6259-4F67-A18A-933AA61FAF55}.Release|Any CPU.ActiveCfg = Release|Any CPU
		{A66E5E47-6259-4F67-A18A-933AA61FAF55}.Release|Any CPU.Build.0 = Release|Any CPU
		{CFA7306C-CA51-4ED9-8F52-1390A41B8A12}.Debug|Any CPU.ActiveCfg = Debug|Any CPU
		{CFA7306C-CA51-4ED9-8F52-1390A41B8A12}.Debug|Any CPU.Build.0 = Debug|Any CPU
		{CFA7306C-CA51-4ED9-8F52-1390A41B8A12}.Release|Any CPU.ActiveCfg = Release|Any CPU
		{CFA7306C-CA51-4ED9-8F52-1390A41B8A12}.Release|Any CPU.Build.0 = Release|Any CPU
	EndGlobalSection
	GlobalSection(SolutionProperties) = preSolution
		HideSolutionNode = FALSE
	EndGlobalSection
	GlobalSection(NestedProjects) = preSolution
		{3D30A55F-BDCF-4226-81F5-88118C3F298E} = {8939BA68-7CBB-4875-8438-C341627C6D20}
		{7D9EB749-3E7A-441B-982D-568E8C49D097} = {8939BA68-7CBB-4875-8438-C341627C6D20}
		{C4DEC696-4BA6-467B-9682-98FD40EAD8C6} = {8939BA68-7CBB-4875-8438-C341627C6D20}
		{CE2EA6BE-E1CC-4ABA-9721-90783E551476} = {C475791E-2940-4BF1-9223-DE290565CF5D}
		{3A5AFEB3-2182-4123-8138-47F9F550BEC0} = {C475791E-2940-4BF1-9223-DE290565CF5D}
		{88CBAF3A-52E1-456E-AABF-E6F389782059} = {C475791E-2940-4BF1-9223-DE290565CF5D}
		{362E83B5-DDB3-42DF-9A22-4F354FECE38A} = {B820C656-A5E3-48E4-B2AB-010B1BFE9383}
		{7556CFC9-7E86-43E1-97B5-9A43FDD32545} = {B820C656-A5E3-48E4-B2AB-010B1BFE9383}
		{40FC25BC-7FE0-458F-A29F-403EB4AF60BB} = {B820C656-A5E3-48E4-B2AB-010B1BFE9383}
		{E5F28C36-EEA8-4466-93D4-D295E0861814} = {19476617-377F-406E-BB5D-A53F2A0DB955}
		{E28D6E54-F7CE-43EF-BEC5-291A328CA34B} = {19476617-377F-406E-BB5D-A53F2A0DB955}
		{33645AC2-2F7A-4E33-BF59-8E583D7AA393} = {19476617-377F-406E-BB5D-A53F2A0DB955}
		{1EB76493-AD3D-46D5-B36B-1195097EFD1B} = {7AA8D9B1-E29F-4C40-9BF4-6CBB846F12BB}
		{45E1C289-E1D2-4220-8741-46A14D092524} = {7AA8D9B1-E29F-4C40-9BF4-6CBB846F12BB}
		{3BE7BC70-2853-49BE-B71B-04475EB8F379} = {7AA8D9B1-E29F-4C40-9BF4-6CBB846F12BB}
		{0377F95A-6C73-4B55-A160-222A1AFA286C} = {806FDAC1-02EA-4936-AA3E-3FC2E382378A}
		{9948BDDB-F368-41C7-8576-889E41B3CABB} = {806FDAC1-02EA-4936-AA3E-3FC2E382378A}
		{B1B9DEEB-4A35-43ED-8398-98895C7C23E9} = {806FDAC1-02EA-4936-AA3E-3FC2E382378A}
		{B01A6F3A-4778-45E0-A495-C1754956AEF9} = {27FAA1EC-C675-42F8-8700-F9A3D7F8B1AE}
		{A66E5E47-6259-4F67-A18A-933AA61FAF55} = {27FAA1EC-C675-42F8-8700-F9A3D7F8B1AE}
		{CFA7306C-CA51-4ED9-8F52-1390A41B8A12} = {27FAA1EC-C675-42F8-8700-F9A3D7F8B1AE}
	EndGlobalSection
	GlobalSection(ExtensibilityGlobals) = postSolution
		SolutionGuid = {DF978465-163A-4447-86D4-6E98804EE4BF}
	EndGlobalSection
EndGlobal
